
Microsoft Visual Studio Solution File, Format Version 11.00
# Visual Studio 2010
Project("{8BC9CEB8-8B4A-11D0-8D11-00A0C91BC942}") = "ISO3166", "ISO3166.vcxproj", "{436BD2C9-E748-4F26-86E5-F49CED650733}"
EndProject
Project("{8BC9CEB8-8B4A-11D0-8D11-00A0C91BC942}") = "Tester", "..\Tester\Tester.vcxproj", "{13546A73-9E04-43F0-BC9F-778FB2C538BB}"
	ProjectSection(ProjectDependencies) = postProject
		{436BD2C9-E748-4F26-86E5-F49CED650733} = {436BD2C9-E748-4F26-86E5-F49CED650733}
	EndProjectSection
EndProject
Global
	GlobalSection(SolutionConfigurationPlatforms) = preSolution
		Debug|Win32 = Debug|Win32
		Debug|x64 = Debug|x64
		Release|Win32 = Release|Win32
		Release|x64 = Release|x64
	EndGlobalSection
	GlobalSection(ProjectConfigurationPlatforms) = postSolution
		{436BD2C9-E748-4F26-86E5-F49CED650733}.Debug|Win32.ActiveCfg = Debug|Win32
		{436BD2C9-E748-4F26-86E5-F49CED650733}.Debug|Win32.Build.0 = Debug|Win32
		{436BD2C9-E748-4F26-86E5-F49CED650733}.Debug|x64.ActiveCfg = Debug|x64
		{436BD2C9-E748-4F26-86E5-F49CED650733}.Debug|x64.Build.0 = Debug|x64
		{436BD2C9-E748-4F26-86E5-F49CED650733}.Release|Win32.ActiveCfg = Release|Win32
		{436BD2C9-E748-4F26-86E5-F49CED650733}.Release|Win32.Build.0 = Release|Win32
		{436BD2C9-E748-4F26-86E5-F49CED650733}.Release|x64.ActiveCfg = Release|x64
		{436BD2C9-E748-4F26-86E5-F49CED650733}.Release|x64.Build.0 = Release|x64
		{13546A73-9E04-43F0-BC9F-778FB2C538BB}.Debug|Win32.ActiveCfg = Debug|Win32
		{13546A73-9E04-43F0-BC9F-778FB2C538BB}.Debug|Win32.Build.0 = Debug|Win32
		{13546A73-9E04-43F0-BC9F-778FB2C538BB}.Debug|x64.ActiveCfg = Debug|x64
		{13546A73-9E04-43F0-BC9F-778FB2C538BB}.Debug|x64.Build.0 = Debug|x64
		{13546A73-9E04-43F0-BC9F-778FB2C538BB}.Release|Win32.ActiveCfg = Release|Win32
		{13546A73-9E04-43F0-BC9F-778FB2C538BB}.Release|Win32.Build.0 = Release|Win32
		{13546A73-9E04-43F0-BC9F-778FB2C538BB}.Release|x64.ActiveCfg = Release|x64
		{13546A73-9E04-43F0-BC9F-778FB2C538BB}.Release|x64.Build.0 = Release|x64
	EndGlobalSection
	GlobalSection(SolutionProperties) = preSolution
		HideSolutionNode = FALSE
	EndGlobalSection
EndGlobal
