
Microsoft Visual Studio Solution File, Format Version 11.00
# Visual Studio 2010
Project("{FAE04EC0-301F-11D3-BF4B-00C04F79EFBC}") = "CPPHelper", "CPPHelper\CPPHelper.csproj", "{2411B423-93E9-4825-A390-1CAB58A44268}"
EndProject
Project("{FAE04EC0-301F-11D3-BF4B-00C04F79EFBC}") = "CPPHelperConfig", "CPPHelperConfig\CPPHelperConfig.csproj", "{056A22D0-C7EA-4756-8880-32A157C8037A}"
EndProject
Project("{54435603-DBB4-11D2-8724-00A0C9A8B90C}") = "CPPHelperSetup", "CPPHelperSetup\CPPHelperSetup.vdproj", "{4E6B3AFC-0C1D-4FF8-9F96-5A5408CA87DE}"
EndProject
Global
	GlobalSection(SolutionConfigurationPlatforms) = preSolution
		Debug|Any CPU = Debug|Any CPU
		Release|Any CPU = Release|Any CPU
	EndGlobalSection
	GlobalSection(ProjectConfigurationPlatforms) = postSolution
		{2411B423-93E9-4825-A390-1CAB58A44268}.Debug|Any CPU.ActiveCfg = Debug|Any CPU
		{2411B423-93E9-4825-A390-1CAB58A44268}.Debug|Any CPU.Build.0 = Debug|Any CPU
		{2411B423-93E9-4825-A390-1CAB58A44268}.Release|Any CPU.ActiveCfg = Release|Any CPU
		{2411B423-93E9-4825-A390-1CAB58A44268}.Release|Any CPU.Build.0 = Release|Any CPU
		{056A22D0-C7EA-4756-8880-32A157C8037A}.Debug|Any CPU.ActiveCfg = Debug|Any CPU
		{056A22D0-C7EA-4756-8880-32A157C8037A}.Debug|Any CPU.Build.0 = Debug|Any CPU
		{056A22D0-C7EA-4756-8880-32A157C8037A}.Release|Any CPU.ActiveCfg = Release|Any CPU
		{056A22D0-C7EA-4756-8880-32A157C8037A}.Release|Any CPU.Build.0 = Release|Any CPU
		{4E6B3AFC-0C1D-4FF8-9F96-5A5408CA87DE}.Debug|Any CPU.ActiveCfg = Debug
		{4E6B3AFC-0C1D-4FF8-9F96-5A5408CA87DE}.Release|Any CPU.ActiveCfg = Release
	EndGlobalSection
	GlobalSection(SolutionProperties) = preSolution
		HideSolutionNode = FALSE
	EndGlobalSection
EndGlobal
